// !$*UTF8*$!
{
	archiveVersion = 1;
	classes = {
	};
	objectVersion = 50;
	objects = {

/* Begin PBXBuildFile section */
		2153D01D2273A1CE00317A1F /* AppDelegate.swift in Sources */ = {isa = PBXBuildFile; fileRef = 2153D01C2273A1CE00317A1F /* AppDelegate.swift */; };
		2153D01F2273A1CE00317A1F /* ViewController.swift in Sources */ = {isa = PBXBuildFile; fileRef = 2153D01E2273A1CE00317A1F /* ViewController.swift */; };
		2153D0222273A1CE00317A1F /* Main.storyboard in Resources */ = {isa = PBXBuildFile; fileRef = 2153D0202273A1CE00317A1F /* Main.storyboard */; };
		2153D0242273A1D000317A1F /* Assets.xcassets in Resources */ = {isa = PBXBuildFile; fileRef = 2153D0232273A1D000317A1F /* Assets.xcassets */; };
		2153D0272273A1D000317A1F /* LaunchScreen.storyboard in Resources */ = {isa = PBXBuildFile; fileRef = 2153D0252273A1D000317A1F /* LaunchScreen.storyboard */; };
		2153D02F2273A28C00317A1F /* FirstTableViewController.swift in Sources */ = {isa = PBXBuildFile; fileRef = 2153D02E2273A28C00317A1F /* FirstTableViewController.swift */; };
		2153D0312273A5DF00317A1F /* NameCell.swift in Sources */ = {isa = PBXBuildFile; fileRef = 2153D0302273A5DF00317A1F /* NameCell.swift */; };
/* End PBXBuildFile section */

/* Begin PBXFileReference section */
		2153D0192273A1CE00317A1F /* TableViewController.app */ = {isa = PBXFileReference; explicitFileType = wrapper.application; includeInIndex = 0; path = TableViewController.app; sourceTree = BUILT_PRODUCTS_DIR; };
		2153D01C2273A1CE00317A1F /* AppDelegate.swift */ = {isa = PBXFileReference; lastKnownFileType = sourcecode.swift; path = AppDelegate.swift; sourceTree = "<group>"; };
		2153D01E2273A1CE00317A1F /* ViewController.swift */ = {isa = PBXFileReference; lastKnownFileType = sourcecode.swift; path = ViewController.swift; sourceTree = "<group>"; };
		2153D0212273A1CE00317A1F /* Base */ = {isa = PBXFileReference; lastKnownFileType = file.storyboard; name = Base; path = Base.lproj/Main.storyboard; sourceTree = "<group>"; };
		2153D0232273A1D000317A1F /* Assets.xcassets */ = {isa = PBXFileReference; lastKnownFileType = folder.assetcatalog; path = Assets.xcassets; sourceTree = "<group>"; };
		2153D0262273A1D000317A1F /* Base */ = {isa = PBXFileReference; lastKnownFileType = file.storyboard; name = Base; path = Base.lproj/LaunchScreen.storyboard; sourceTree = "<group>"; };
		2153D0282273A1D000317A1F /* Info.plist */ = {isa = PBXFileReference; lastKnownFileType = text.plist.xml; path = Info.plist; sourceTree = "<group>"; };
		2153D02E2273A28C00317A1F /* FirstTableViewController.swift */ = {isa = PBXFileReference; lastKnownFileType = sourcecode.swift; path = FirstTableViewController.swift; sourceTree = "<group>"; };
		2153D0302273A5DF00317A1F /* NameCell.swift */ = {isa = PBXFileReference; lastKnownFileType = sourcecode.swift; path = NameCell.swift; sourceTree = "<group>"; };
/* End PBXFileReference section */

/* Begin PBXFrameworksBuildPhase section */
		2153D0162273A1CE00317A1F /* Frameworks */ = {
			isa = PBXFrameworksBuildPhase;
			buildActionMask = 2147483647;
			files = (
			);
			runOnlyForDeploymentPostprocessing = 0;
		};
/* End PBXFrameworksBuildPhase section */

/* Begin PBXGroup section */
		2153D0102273A1CE00317A1F = {
			isa = PBXGroup;
			children = (
				2153D01B2273A1CE00317A1F /* TableViewController */,
				2153D01A2273A1CE00317A1F /* Products */,
			);
			sourceTree = "<group>";
		};
		2153D01A2273A1CE00317A1F /* Products */ = {
			isa = PBXGroup;
			children = (
				2153D0192273A1CE00317A1F /* TableViewController.app */,
			);
			name = Products;
			sourceTree = "<group>";
		};
		2153D01B2273A1CE00317A1F /* TableViewController */ = {
			isa = PBXGroup;
			children = (
				2153D01C2273A1CE00317A1F /* AppDelegate.swift */,
				2153D01E2273A1CE00317A1F /* ViewController.swift */,
				2153D02E2273A28C00317A1F /* FirstTableViewController.swift */,
				2153D0302273A5DF00317A1F /* NameCell.swift */,
				2153D0202273A1CE00317A1F /* Main.storyboard */,
				2153D0252273A1D000317A1F /* LaunchScreen.storyboard */,
				2153D0282273A1D000317A1F /* Info.plist */,
				2153D0232273A1D000317A1F /* Assets.xcassets */,
			);
			path = TableViewController;
			sourceTree = "<group>";
		};
/* End PBXGroup section */

/* Begin PBXNativeTarget section */
		2153D0182273A1CE00317A1F /* TableViewController */ = {
			isa = PBXNativeTarget;
			buildConfigurationList = 2153D02B2273A1D000317A1F /* Build configuration list for PBXNativeTarget "TableViewController" */;
			buildPhases = (
				2153D0152273A1CE00317A1F /* Sources */,
				2153D0162273A1CE00317A1F /* Frameworks */,
				2153D0172273A1CE00317A1F /* Resources */,
			);
			buildRules = (
			);
			dependencies = (
			);
			name = TableViewController;
			productName = TableViewController;
			productReference = 2153D0192273A1CE00317A1F /* TableViewController.app */;
			productType = "com.apple.product-type.application";
		};
/* End PBXNativeTarget section */

/* Begin PBXProject section */
		2153D0112273A1CE00317A1F /* Project object */ = {
			isa = PBXProject;
			attributes = {
				LastSwiftUpdateCheck = 1010;
				LastUpgradeCheck = 1010;
				ORGANIZATIONNAME = Enrique;
				TargetAttributes = {
					2153D0182273A1CE00317A1F = {
						CreatedOnToolsVersion = 10.1;
					};
				};
			};
			buildConfigurationList = 2153D0142273A1CE00317A1F /* Build configuration list for PBXProject "TableViewController" */;
			compatibilityVersion = "Xcode 9.3";
			developmentRegion = en;
			hasScannedForEncodings = 0;
			knownRegions = (
				en,
				Base,
			);
			mainGroup = 2153D0102273A1CE00317A1F;
			productRefGroup = 2153D01A2273A1CE00317A1F /* Products */;
			projectDirPath = "";
			projectRoot = "";
			targets = (
				2153D0182273A1CE00317A1F /* TableViewController */,
			);
		};
/* End PBXProject section */

/* Begin PBXResourcesBuildPhase section */
		2153D0172273A1CE00317A1F /* Resources */ = {
			isa = PBXResourcesBuildPhase;
			buildActionMask = 2147483647;
			files = (
				2153D0272273A1D000317A1F /* LaunchScreen.storyboard in Resources */,
				2153D0242273A1D000317A1F /* Assets.xcassets in Resources */,
				2153D0222273A1CE00317A1F /* Main.storyboard in Resources */,
			);
			runOnlyForDeploymentPostprocessing = 0;
		};
/* End PBXResourcesBuildPhase section */

/* Begin PBXSourcesBuildPhase section */
		2153D0152273A1CE00317A1F /* Sources */ = {
			isa = PBXSourcesBuildPhase;
			buildActionMask = 2147483647;
			files = (
				2153D01F2273A1CE00317A1F /* ViewController.swift in Sources */,
				2153D01D2273A1CE00317A1F /* AppDelegate.swift in Sources */,
				2153D0312273A5DF00317A1F /* NameCell.swift in Sources */,
				2153D02F2273A28C00317A1F /* FirstTableViewController.swift in Sources */,
			);
			runOnlyForDeploymentPostprocessing = 0;
		};
/* End PBXSourcesBuildPhase section */

/* Begin PBXVariantGroup section */
		2153D0202273A1CE00317A1F /* Main.storyboard */ = {
			isa = PBXVariantGroup;
			children = (
				2153D0212273A1CE00317A1F /* Base */,
			);
			name = Main.storyboard;
			sourceTree = "<group>";
		};
		2153D0252273A1D000317A1F /* LaunchScreen.storyboard */ = {
			isa = PBXVariantGroup;
			children = (
				2153D0262273A1D000317A1F /* Base */,
			);
			name = LaunchScreen.storyboard;
			sourceTree = "<group>";
		};
/* End PBXVariantGroup section */

/* Begin XCBuildConfiguration section */
		2153D0292273A1D000317A1F /* Debug */ = {
			isa = XCBuildConfiguration;
			buildSettings = {
				ALWAYS_SEARCH_USER_PATHS = NO;
				CLANG_ANALYZER_NONNULL = YES;
				CLANG_ANALYZER_NUMBER_OBJECT_CONVERSION = YES_AGGRESSIVE;
				CLANG_CXX_LANGUAGE_STANDARD = "gnu++14";
				CLANG_CXX_LIBRARY = "libc++";
				CLANG_ENABLE_MODULES = YES;
				CLANG_ENABLE_OBJC_ARC = YES;
				CLANG_ENABLE_OBJC_WEAK = YES;
				CLANG_WARN_BLOCK_CAPTURE_AUTORELEASING = YES;
				CLANG_WARN_BOOL_CONVERSION = YES;
				CLANG_WARN_COMMA = YES;
				CLANG_WARN_CONSTANT_CONVERSION = YES;
				CLANG_WARN_DEPRECATED_OBJC_IMPLEMENTATIONS = YES;
				CLANG_WARN_DIRECT_OBJC_ISA_USAGE = YES_ERROR;
				CLANG_WARN_DOCUMENTATION_COMMENTS = YES;
				CLANG_WARN_EMPTY_BODY = YES;
				CLANG_WARN_ENUM_CONVERSION = YES;
				CLANG_WARN_INFINITE_RECURSION = YES;
				CLANG_WARN_INT_CONVERSION = YES;
				CLANG_WARN_NON_LITERAL_NULL_CONVERSION = YES;
				CLANG_WARN_OBJC_IMPLICIT_RETAIN_SELF = YES;
				CLANG_WARN_OBJC_LITERAL_CONVERSION = YES;
				CLANG_WARN_OBJC_ROOT_CLASS = YES_ERROR;
				CLANG_WARN_RANGE_LOOP_ANALYSIS = YES;
				CLANG_WARN_STRICT_PROTOTYPES = YES;
				CLANG_WARN_SUSPICIOUS_MOVE = YES;
				CLANG_WARN_UNGUARDED_AVAILABILITY = YES_AGGRESSIVE;
				CLANG_WARN_UNREACHABLE_CODE = YES;
				CLANG_WARN__DUPLICATE_METHOD_MATCH = YES;
				CODE_SIGN_IDENTITY = "iPhone Developer";
				COPY_PHASE_STRIP = NO;
				DEBUG_INFORMATION_FORMAT = dwarf;
				ENABLE_STRICT_OBJC_MSGSEND = YES;
				ENABLE_TESTABILITY = YES;
				GCC_C_LANGUAGE_STANDARD = gnu11;
				GCC_DYNAMIC_NO_PIC = NO;
				GCC_NO_COMMON_BLOCKS = YES;
				GCC_OPTIMIZATION_LEVEL = 0;
				GCC_PREPROCESSOR_DEFINITIONS = (
					"DEBUG=1",
					"$(inherited)",
				);
				GCC_WARN_64_TO_32_BIT_CONVERSION = YES;
				GCC_WARN_ABOUT_RETURN_TYPE = YES_ERROR;
				GCC_WARN_UNDECLARED_SELECTOR = YES;
				GCC_WARN_UNINITIALIZED_AUTOS = YES_AGGRESSIVE;
				GCC_WARN_UNUSED_FUNCTION = YES;
				GCC_WARN_UNUSED_VARIABLE = YES;
				IPHONEOS_DEPLOYMENT_TARGET = 12.1;
				MTL_ENABLE_DEBUG_INFO = INCLUDE_SOURCE;
				MTL_FAST_MATH = YES;
				ONLY_ACTIVE_ARCH = YES;
				SDKROOT = iphoneos;
				SWIFT_ACTIVE_COMPILATION_CONDITIONS = DEBUG;
				SWIFT_OPTIMIZATION_LEVEL = "-Onone";
			};
			name = Debug;
		};
		2153D02A2273A1D000317A1F /* Release */ = {
			isa = XCBuildConfiguration;
			buildSettings = {
				ALWAYS_SEARCH_USER_PATHS = NO;
				CLANG_ANALYZER_NONNULL = YES;
				CLANG_ANALYZER_NUMBER_OBJECT_CONVERSION = YES_AGGRESSIVE;
				CLANG_CXX_LANGUAGE_STANDARD = "gnu++14";
				CLANG_CXX_LIBRARY = "libc++";
				CLANG_ENABLE_MODULES = YES;
				CLANG_ENABLE_OBJC_ARC = YES;
				CLANG_ENABLE_OBJC_WEAK = YES;
				CLANG_WARN_BLOCK_CAPTURE_AUTORELEASING = YES;
				CLANG_WARN_BOOL_CONVERSION = YES;
				CLANG_WARN_COMMA = YES;
				CLANG_WARN_CONSTANT_CONVERSION = YES;
				CLANG_WARN_DEPRECATED_OBJC_IMPLEMENTATIONS = YES;
				CLANG_WARN_DIRECT_OBJC_ISA_USAGE = YES_ERROR;
				CLANG_WARN_DOCUMENTATION_COMMENTS = YES;
				CLANG_WARN_EMPTY_BODY = YES;
				CLANG_WARN_ENUM_CONVERSION = YES;
				CLANG_WARN_INFINITE_RECURSION = YES;
				CLANG_WARN_INT_CONVERSION = YES;
				CLANG_WARN_NON_LITERAL_NULL_CONVERSION = YES;
				CLANG_WARN_OBJC_IMPLICIT_RETAIN_SELF = YES;
				CLANG_WARN_OBJC_LITERAL_CONVERSION = YES;
				CLANG_WARN_OBJC_ROOT_CLASS = YES_ERROR;
				CLANG_WARN_RANGE_LOOP_ANALYSIS = YES;
				CLANG_WARN_STRICT_PROTOTYPES = YES;
				CLANG_WARN_SUSPICIOUS_MOVE = YES;
				CLANG_WARN_UNGUARDED_AVAILABILITY = YES_AGGRESSIVE;
				CLANG_WARN_UNREACHABLE_CODE = YES;
				CLANG_WARN__DUPLICATE_METHOD_MATCH = YES;
				CODE_SIGN_IDENTITY = "iPhone Developer";
				COPY_PHASE_STRIP = NO;
				DEBUG_INFORMATION_FORMAT = "dwarf-with-dsym";
				ENABLE_NS_ASSERTIONS = NO;
				ENABLE_STRICT_OBJC_MSGSEND = YES;
				GCC_C_LANGUAGE_STANDARD = gnu11;
				GCC_NO_COMMON_BLOCKS = YES;
				GCC_WARN_64_TO_32_BIT_CONVERSION = YES;
				GCC_WARN_ABOUT_RETURN_TYPE = YES_ERROR;
				GCC_WARN_UNDECLARED_SELECTOR = YES;
				GCC_WARN_UNINITIALIZED_AUTOS = YES_AGGRESSIVE;
				GCC_WARN_UNUSED_FUNCTION = YES;
				GCC_WARN_UNUSED_VARIABLE = YES;
				IPHONEOS_DEPLOYMENT_TARGET = 12.1;
				MTL_ENABLE_DEBUG_INFO = NO;
				MTL_FAST_MATH = YES;
				SDKROOT = iphoneos;
				SWIFT_COMPILATION_MODE = wholemodule;
				SWIFT_OPTIMIZATION_LEVEL = "-O";
				VALIDATE_PRODUCT = YES;
			};
			name = Release;
		};
		2153D02C2273A1D000317A1F /* Debug */ = {
			isa = XCBuildConfiguration;
			buildSettings = {
				ASSETCATALOG_COMPILER_APPICON_NAME = AppIcon;
				CODE_SIGN_STYLE = Automatic;
				DEVELOPMENT_TEAM = L7L53ZA324;
				INFOPLIST_FILE = TableViewController/Info.plist;
				LD_RUNPATH_SEARCH_PATHS = (
					"$(inherited)",
					"@executable_path/Frameworks",
				);
				PRODUCT_BUNDLE_IDENTIFIER = Enrique.TableViewController;
				PRODUCT_NAME = "$(TARGET_NAME)";
				SWIFT_VERSION = 4.2;
				TARGETED_DEVICE_FAMILY = "1,2";
			};
			name = Debug;
		};
		2153D02D2273A1D000317A1F /* Release */ = {
			isa = XCBuildConfiguration;
			buildSettings = {
				ASSETCATALOG_COMPILER_APPICON_NAME = AppIcon;
				CODE_SIGN_STYLE = Automatic;
				DEVELOPMENT_TEAM = L7L53ZA324;
				INFOPLIST_FILE = TableViewController/Info.plist;
				LD_RUNPATH_SEARCH_PATHS = (
					"$(inherited)",
					"@executable_path/Frameworks",
				);
				PRODUCT_BUNDLE_IDENTIFIER = Enrique.TableViewController;
				PRODUCT_NAME = "$(TARGET_NAME)";
				SWIFT_VERSION = 4.2;
				TARGETED_DEVICE_FAMILY = "1,2";
			};
			name = Release;
		};
/* End XCBuildConfiguration section */

/* Begin XCConfigurationList section */
		2153D0142273A1CE00317A1F /* Build configuration list for PBXProject "TableViewController" */ = {
			isa = XCConfigurationList;
			buildConfigurations = (
				2153D0292273A1D000317A1F /* Debug */,
				2153D02A2273A1D000317A1F /* Release */,
			);
			defaultConfigurationIsVisible = 0;
			defaultConfigurationName = Release;
		};
		2153D02B2273A1D000317A1F /* Build configuration list for PBXNativeTarget "TableViewController" */ = {
			isa = XCConfigurationList;
			buildConfigurations = (
				2153D02C2273A1D000317A1F /* Debug */,
				2153D02D2273A1D000317A1F /* Release */,
			);
			defaultConfigurationIsVisible = 0;
			defaultConfigurationName = Release;
		};
/* End XCConfigurationList section */
	};
	rootObject = 2153D0112273A1CE00317A1F /* Project object */;
}
