// !$*UTF8*$!
{
	archiveVersion = 1;
	classes = {
	};
	objectVersion = 50;
	objects = {

/* Begin PBXBuildFile section */
		21D8DFB12286406000CD40AA /* QuestionData.swift in Sources */ = {isa = PBXBuildFile; fileRef = 21D8DFB02286406000CD40AA /* QuestionData.swift */; };
		21D8DFB32286413000CD40AA /* AnswerData.swift in Sources */ = {isa = PBXBuildFile; fileRef = 21D8DFB22286413000CD40AA /* AnswerData.swift */; };
		21F892822284E02500F65CAF /* AppDelegate.swift in Sources */ = {isa = PBXBuildFile; fileRef = 21F892812284E02500F65CAF /* AppDelegate.swift */; };
		21F892842284E02500F65CAF /* IntroductionViewController.swift in Sources */ = {isa = PBXBuildFile; fileRef = 21F892832284E02500F65CAF /* IntroductionViewController.swift */; };
		21F892872284E02500F65CAF /* Main.storyboard in Resources */ = {isa = PBXBuildFile; fileRef = 21F892852284E02500F65CAF /* Main.storyboard */; };
		21F892892284E02700F65CAF /* Assets.xcassets in Resources */ = {isa = PBXBuildFile; fileRef = 21F892882284E02700F65CAF /* Assets.xcassets */; };
		21F8928C2284E02700F65CAF /* LaunchScreen.storyboard in Resources */ = {isa = PBXBuildFile; fileRef = 21F8928A2284E02700F65CAF /* LaunchScreen.storyboard */; };
		21F892952284E85100F65CAF /* QuestionViewController.swift in Sources */ = {isa = PBXBuildFile; fileRef = 21F892942284E85100F65CAF /* QuestionViewController.swift */; };
		21F892972284E90300F65CAF /* ResultViewController.swift in Sources */ = {isa = PBXBuildFile; fileRef = 21F892962284E90300F65CAF /* ResultViewController.swift */; };
/* End PBXBuildFile section */

/* Begin PBXFileReference section */
		21D8DFB02286406000CD40AA /* QuestionData.swift */ = {isa = PBXFileReference; lastKnownFileType = sourcecode.swift; path = QuestionData.swift; sourceTree = "<group>"; };
		21D8DFB22286413000CD40AA /* AnswerData.swift */ = {isa = PBXFileReference; lastKnownFileType = sourcecode.swift; path = AnswerData.swift; sourceTree = "<group>"; };
		21F8927E2284E02500F65CAF /* PersonalityQuiz.app */ = {isa = PBXFileReference; explicitFileType = wrapper.application; includeInIndex = 0; path = PersonalityQuiz.app; sourceTree = BUILT_PRODUCTS_DIR; };
		21F892812284E02500F65CAF /* AppDelegate.swift */ = {isa = PBXFileReference; lastKnownFileType = sourcecode.swift; path = AppDelegate.swift; sourceTree = "<group>"; };
		21F892832284E02500F65CAF /* IntroductionViewController.swift */ = {isa = PBXFileReference; lastKnownFileType = sourcecode.swift; path = IntroductionViewController.swift; sourceTree = "<group>"; };
		21F892862284E02500F65CAF /* Base */ = {isa = PBXFileReference; lastKnownFileType = file.storyboard; name = Base; path = Base.lproj/Main.storyboard; sourceTree = "<group>"; };
		21F892882284E02700F65CAF /* Assets.xcassets */ = {isa = PBXFileReference; lastKnownFileType = folder.assetcatalog; path = Assets.xcassets; sourceTree = "<group>"; };
		21F8928B2284E02700F65CAF /* Base */ = {isa = PBXFileReference; lastKnownFileType = file.storyboard; name = Base; path = Base.lproj/LaunchScreen.storyboard; sourceTree = "<group>"; };
		21F8928D2284E02700F65CAF /* Info.plist */ = {isa = PBXFileReference; lastKnownFileType = text.plist.xml; path = Info.plist; sourceTree = "<group>"; };
		21F892942284E85100F65CAF /* QuestionViewController.swift */ = {isa = PBXFileReference; lastKnownFileType = sourcecode.swift; path = QuestionViewController.swift; sourceTree = "<group>"; };
		21F892962284E90300F65CAF /* ResultViewController.swift */ = {isa = PBXFileReference; lastKnownFileType = sourcecode.swift; path = ResultViewController.swift; sourceTree = "<group>"; };
/* End PBXFileReference section */

/* Begin PBXFrameworksBuildPhase section */
		21F8927B2284E02500F65CAF /* Frameworks */ = {
			isa = PBXFrameworksBuildPhase;
			buildActionMask = 2147483647;
			files = (
			);
			runOnlyForDeploymentPostprocessing = 0;
		};
/* End PBXFrameworksBuildPhase section */

/* Begin PBXGroup section */
		21D8DFAF2286404A00CD40AA /* Model */ = {
			isa = PBXGroup;
			children = (
				21D8DFB02286406000CD40AA /* QuestionData.swift */,
				21D8DFB22286413000CD40AA /* AnswerData.swift */,
			);
			path = Model;
			sourceTree = "<group>";
		};
		21F892752284E02500F65CAF = {
			isa = PBXGroup;
			children = (
				21D8DFAF2286404A00CD40AA /* Model */,
				21F892802284E02500F65CAF /* PersonalityQuiz */,
				21F8927F2284E02500F65CAF /* Products */,
			);
			sourceTree = "<group>";
		};
		21F8927F2284E02500F65CAF /* Products */ = {
			isa = PBXGroup;
			children = (
				21F8927E2284E02500F65CAF /* PersonalityQuiz.app */,
			);
			name = Products;
			sourceTree = "<group>";
		};
		21F892802284E02500F65CAF /* PersonalityQuiz */ = {
			isa = PBXGroup;
			children = (
				21F892932284E83300F65CAF /* Controller */,
				21F892812284E02500F65CAF /* AppDelegate.swift */,
				21F892852284E02500F65CAF /* Main.storyboard */,
				21F892882284E02700F65CAF /* Assets.xcassets */,
				21F8928A2284E02700F65CAF /* LaunchScreen.storyboard */,
				21F8928D2284E02700F65CAF /* Info.plist */,
			);
			path = PersonalityQuiz;
			sourceTree = "<group>";
		};
		21F892932284E83300F65CAF /* Controller */ = {
			isa = PBXGroup;
			children = (
				21F892832284E02500F65CAF /* IntroductionViewController.swift */,
				21F892942284E85100F65CAF /* QuestionViewController.swift */,
				21F892962284E90300F65CAF /* ResultViewController.swift */,
			);
			path = Controller;
			sourceTree = "<group>";
		};
/* End PBXGroup section */

/* Begin PBXNativeTarget section */
		21F8927D2284E02500F65CAF /* PersonalityQuiz */ = {
			isa = PBXNativeTarget;
			buildConfigurationList = 21F892902284E02700F65CAF /* Build configuration list for PBXNativeTarget "PersonalityQuiz" */;
			buildPhases = (
				21F8927A2284E02500F65CAF /* Sources */,
				21F8927B2284E02500F65CAF /* Frameworks */,
				21F8927C2284E02500F65CAF /* Resources */,
			);
			buildRules = (
			);
			dependencies = (
			);
			name = PersonalityQuiz;
			productName = PersonalityQuiz;
			productReference = 21F8927E2284E02500F65CAF /* PersonalityQuiz.app */;
			productType = "com.apple.product-type.application";
		};
/* End PBXNativeTarget section */

/* Begin PBXProject section */
		21F892762284E02500F65CAF /* Project object */ = {
			isa = PBXProject;
			attributes = {
				LastSwiftUpdateCheck = 1010;
				LastUpgradeCheck = 1010;
				ORGANIZATIONNAME = Enrique;
				TargetAttributes = {
					21F8927D2284E02500F65CAF = {
						CreatedOnToolsVersion = 10.1;
					};
				};
			};
			buildConfigurationList = 21F892792284E02500F65CAF /* Build configuration list for PBXProject "PersonalityQuiz" */;
			compatibilityVersion = "Xcode 9.3";
			developmentRegion = en;
			hasScannedForEncodings = 0;
			knownRegions = (
				en,
				Base,
			);
			mainGroup = 21F892752284E02500F65CAF;
			productRefGroup = 21F8927F2284E02500F65CAF /* Products */;
			projectDirPath = "";
			projectRoot = "";
			targets = (
				21F8927D2284E02500F65CAF /* PersonalityQuiz */,
			);
		};
/* End PBXProject section */

/* Begin PBXResourcesBuildPhase section */
		21F8927C2284E02500F65CAF /* Resources */ = {
			isa = PBXResourcesBuildPhase;
			buildActionMask = 2147483647;
			files = (
				21F8928C2284E02700F65CAF /* LaunchScreen.storyboard in Resources */,
				21F892892284E02700F65CAF /* Assets.xcassets in Resources */,
				21F892872284E02500F65CAF /* Main.storyboard in Resources */,
			);
			runOnlyForDeploymentPostprocessing = 0;
		};
/* End PBXResourcesBuildPhase section */

/* Begin PBXSourcesBuildPhase section */
		21F8927A2284E02500F65CAF /* Sources */ = {
			isa = PBXSourcesBuildPhase;
			buildActionMask = 2147483647;
			files = (
				21F892842284E02500F65CAF /* IntroductionViewController.swift in Sources */,
				21F892822284E02500F65CAF /* AppDelegate.swift in Sources */,
				21D8DFB12286406000CD40AA /* QuestionData.swift in Sources */,
				21D8DFB32286413000CD40AA /* AnswerData.swift in Sources */,
				21F892952284E85100F65CAF /* QuestionViewController.swift in Sources */,
				21F892972284E90300F65CAF /* ResultViewController.swift in Sources */,
			);
			runOnlyForDeploymentPostprocessing = 0;
		};
/* End PBXSourcesBuildPhase section */

/* Begin PBXVariantGroup section */
		21F892852284E02500F65CAF /* Main.storyboard */ = {
			isa = PBXVariantGroup;
			children = (
				21F892862284E02500F65CAF /* Base */,
			);
			name = Main.storyboard;
			sourceTree = "<group>";
		};
		21F8928A2284E02700F65CAF /* LaunchScreen.storyboard */ = {
			isa = PBXVariantGroup;
			children = (
				21F8928B2284E02700F65CAF /* Base */,
			);
			name = LaunchScreen.storyboard;
			sourceTree = "<group>";
		};
/* End PBXVariantGroup section */

/* Begin XCBuildConfiguration section */
		21F8928E2284E02700F65CAF /* Debug */ = {
			isa = XCBuildConfiguration;
			buildSettings = {
				ALWAYS_SEARCH_USER_PATHS = NO;
				CLANG_ANALYZER_NONNULL = YES;
				CLANG_ANALYZER_NUMBER_OBJECT_CONVERSION = YES_AGGRESSIVE;
				CLANG_CXX_LANGUAGE_STANDARD = "gnu++14";
				CLANG_CXX_LIBRARY = "libc++";
				CLANG_ENABLE_MODULES = YES;
				CLANG_ENABLE_OBJC_ARC = YES;
				CLANG_ENABLE_OBJC_WEAK = YES;
				CLANG_WARN_BLOCK_CAPTURE_AUTORELEASING = YES;
				CLANG_WARN_BOOL_CONVERSION = YES;
				CLANG_WARN_COMMA = YES;
				CLANG_WARN_CONSTANT_CONVERSION = YES;
				CLANG_WARN_DEPRECATED_OBJC_IMPLEMENTATIONS = YES;
				CLANG_WARN_DIRECT_OBJC_ISA_USAGE = YES_ERROR;
				CLANG_WARN_DOCUMENTATION_COMMENTS = YES;
				CLANG_WARN_EMPTY_BODY = YES;
				CLANG_WARN_ENUM_CONVERSION = YES;
				CLANG_WARN_INFINITE_RECURSION = YES;
				CLANG_WARN_INT_CONVERSION = YES;
				CLANG_WARN_NON_LITERAL_NULL_CONVERSION = YES;
				CLANG_WARN_OBJC_IMPLICIT_RETAIN_SELF = YES;
				CLANG_WARN_OBJC_LITERAL_CONVERSION = YES;
				CLANG_WARN_OBJC_ROOT_CLASS = YES_ERROR;
				CLANG_WARN_RANGE_LOOP_ANALYSIS = YES;
				CLANG_WARN_STRICT_PROTOTYPES = YES;
				CLANG_WARN_SUSPICIOUS_MOVE = YES;
				CLANG_WARN_UNGUARDED_AVAILABILITY = YES_AGGRESSIVE;
				CLANG_WARN_UNREACHABLE_CODE = YES;
				CLANG_WARN__DUPLICATE_METHOD_MATCH = YES;
				CODE_SIGN_IDENTITY = "iPhone Developer";
				COPY_PHASE_STRIP = NO;
				DEBUG_INFORMATION_FORMAT = dwarf;
				ENABLE_STRICT_OBJC_MSGSEND = YES;
				ENABLE_TESTABILITY = YES;
				GCC_C_LANGUAGE_STANDARD = gnu11;
				GCC_DYNAMIC_NO_PIC = NO;
				GCC_NO_COMMON_BLOCKS = YES;
				GCC_OPTIMIZATION_LEVEL = 0;
				GCC_PREPROCESSOR_DEFINITIONS = (
					"DEBUG=1",
					"$(inherited)",
				);
				GCC_WARN_64_TO_32_BIT_CONVERSION = YES;
				GCC_WARN_ABOUT_RETURN_TYPE = YES_ERROR;
				GCC_WARN_UNDECLARED_SELECTOR = YES;
				GCC_WARN_UNINITIALIZED_AUTOS = YES_AGGRESSIVE;
				GCC_WARN_UNUSED_FUNCTION = YES;
				GCC_WARN_UNUSED_VARIABLE = YES;
				IPHONEOS_DEPLOYMENT_TARGET = 12.1;
				MTL_ENABLE_DEBUG_INFO = INCLUDE_SOURCE;
				MTL_FAST_MATH = YES;
				ONLY_ACTIVE_ARCH = YES;
				SDKROOT = iphoneos;
				SWIFT_ACTIVE_COMPILATION_CONDITIONS = DEBUG;
				SWIFT_OPTIMIZATION_LEVEL = "-Onone";
			};
			name = Debug;
		};
		21F8928F2284E02700F65CAF /* Release */ = {
			isa = XCBuildConfiguration;
			buildSettings = {
				ALWAYS_SEARCH_USER_PATHS = NO;
				CLANG_ANALYZER_NONNULL = YES;
				CLANG_ANALYZER_NUMBER_OBJECT_CONVERSION = YES_AGGRESSIVE;
				CLANG_CXX_LANGUAGE_STANDARD = "gnu++14";
				CLANG_CXX_LIBRARY = "libc++";
				CLANG_ENABLE_MODULES = YES;
				CLANG_ENABLE_OBJC_ARC = YES;
				CLANG_ENABLE_OBJC_WEAK = YES;
				CLANG_WARN_BLOCK_CAPTURE_AUTORELEASING = YES;
				CLANG_WARN_BOOL_CONVERSION = YES;
				CLANG_WARN_COMMA = YES;
				CLANG_WARN_CONSTANT_CONVERSION = YES;
				CLANG_WARN_DEPRECATED_OBJC_IMPLEMENTATIONS = YES;
				CLANG_WARN_DIRECT_OBJC_ISA_USAGE = YES_ERROR;
				CLANG_WARN_DOCUMENTATION_COMMENTS = YES;
				CLANG_WARN_EMPTY_BODY = YES;
				CLANG_WARN_ENUM_CONVERSION = YES;
				CLANG_WARN_INFINITE_RECURSION = YES;
				CLANG_WARN_INT_CONVERSION = YES;
				CLANG_WARN_NON_LITERAL_NULL_CONVERSION = YES;
				CLANG_WARN_OBJC_IMPLICIT_RETAIN_SELF = YES;
				CLANG_WARN_OBJC_LITERAL_CONVERSION = YES;
				CLANG_WARN_OBJC_ROOT_CLASS = YES_ERROR;
				CLANG_WARN_RANGE_LOOP_ANALYSIS = YES;
				CLANG_WARN_STRICT_PROTOTYPES = YES;
				CLANG_WARN_SUSPICIOUS_MOVE = YES;
				CLANG_WARN_UNGUARDED_AVAILABILITY = YES_AGGRESSIVE;
				CLANG_WARN_UNREACHABLE_CODE = YES;
				CLANG_WARN__DUPLICATE_METHOD_MATCH = YES;
				CODE_SIGN_IDENTITY = "iPhone Developer";
				COPY_PHASE_STRIP = NO;
				DEBUG_INFORMATION_FORMAT = "dwarf-with-dsym";
				ENABLE_NS_ASSERTIONS = NO;
				ENABLE_STRICT_OBJC_MSGSEND = YES;
				GCC_C_LANGUAGE_STANDARD = gnu11;
				GCC_NO_COMMON_BLOCKS = YES;
				GCC_WARN_64_TO_32_BIT_CONVERSION = YES;
				GCC_WARN_ABOUT_RETURN_TYPE = YES_ERROR;
				GCC_WARN_UNDECLARED_SELECTOR = YES;
				GCC_WARN_UNINITIALIZED_AUTOS = YES_AGGRESSIVE;
				GCC_WARN_UNUSED_FUNCTION = YES;
				GCC_WARN_UNUSED_VARIABLE = YES;
				IPHONEOS_DEPLOYMENT_TARGET = 12.1;
				MTL_ENABLE_DEBUG_INFO = NO;
				MTL_FAST_MATH = YES;
				SDKROOT = iphoneos;
				SWIFT_COMPILATION_MODE = wholemodule;
				SWIFT_OPTIMIZATION_LEVEL = "-O";
				VALIDATE_PRODUCT = YES;
			};
			name = Release;
		};
		21F892912284E02700F65CAF /* Debug */ = {
			isa = XCBuildConfiguration;
			buildSettings = {
				ASSETCATALOG_COMPILER_APPICON_NAME = AppIcon;
				CODE_SIGN_STYLE = Automatic;
				DEVELOPMENT_TEAM = L7L53ZA324;
				INFOPLIST_FILE = PersonalityQuiz/Info.plist;
				LD_RUNPATH_SEARCH_PATHS = (
					"$(inherited)",
					"@executable_path/Frameworks",
				);
				PRODUCT_BUNDLE_IDENTIFIER = Enrique.PersonalityQuiz;
				PRODUCT_NAME = "$(TARGET_NAME)";
				SWIFT_VERSION = 4.2;
				TARGETED_DEVICE_FAMILY = "1,2";
			};
			name = Debug;
		};
		21F892922284E02700F65CAF /* Release */ = {
			isa = XCBuildConfiguration;
			buildSettings = {
				ASSETCATALOG_COMPILER_APPICON_NAME = AppIcon;
				CODE_SIGN_STYLE = Automatic;
				DEVELOPMENT_TEAM = L7L53ZA324;
				INFOPLIST_FILE = PersonalityQuiz/Info.plist;
				LD_RUNPATH_SEARCH_PATHS = (
					"$(inherited)",
					"@executable_path/Frameworks",
				);
				PRODUCT_BUNDLE_IDENTIFIER = Enrique.PersonalityQuiz;
				PRODUCT_NAME = "$(TARGET_NAME)";
				SWIFT_VERSION = 4.2;
				TARGETED_DEVICE_FAMILY = "1,2";
			};
			name = Release;
		};
/* End XCBuildConfiguration section */

/* Begin XCConfigurationList section */
		21F892792284E02500F65CAF /* Build configuration list for PBXProject "PersonalityQuiz" */ = {
			isa = XCConfigurationList;
			buildConfigurations = (
				21F8928E2284E02700F65CAF /* Debug */,
				21F8928F2284E02700F65CAF /* Release */,
			);
			defaultConfigurationIsVisible = 0;
			defaultConfigurationName = Release;
		};
		21F892902284E02700F65CAF /* Build configuration list for PBXNativeTarget "PersonalityQuiz" */ = {
			isa = XCConfigurationList;
			buildConfigurations = (
				21F892912284E02700F65CAF /* Debug */,
				21F892922284E02700F65CAF /* Release */,
			);
			defaultConfigurationIsVisible = 0;
			defaultConfigurationName = Release;
		};
/* End XCConfigurationList section */
	};
	rootObject = 21F892762284E02500F65CAF /* Project object */;
}
