// !$*UTF8*$!
{
	archiveVersion = 1;
	classes = {
	};
	objectVersion = 50;
	objects = {

/* Begin PBXBuildFile section */
		21CD0BF32270FFE000FACADC /* AppDelegate.swift in Sources */ = {isa = PBXBuildFile; fileRef = 21CD0BF22270FFE000FACADC /* AppDelegate.swift */; };
		21CD0BF52270FFE000FACADC /* ViewController.swift in Sources */ = {isa = PBXBuildFile; fileRef = 21CD0BF42270FFE000FACADC /* ViewController.swift */; };
		21CD0BF82270FFE000FACADC /* Main.storyboard in Resources */ = {isa = PBXBuildFile; fileRef = 21CD0BF62270FFE000FACADC /* Main.storyboard */; };
		21CD0BFA2270FFE300FACADC /* Assets.xcassets in Resources */ = {isa = PBXBuildFile; fileRef = 21CD0BF92270FFE300FACADC /* Assets.xcassets */; };
		21CD0BFD2270FFE300FACADC /* LaunchScreen.storyboard in Resources */ = {isa = PBXBuildFile; fileRef = 21CD0BFB2270FFE300FACADC /* LaunchScreen.storyboard */; };
		21CD0C052271050700FACADC /* BlueViewController.swift in Sources */ = {isa = PBXBuildFile; fileRef = 21CD0C042271050700FACADC /* BlueViewController.swift */; };
/* End PBXBuildFile section */

/* Begin PBXFileReference section */
		21CD0BEF2270FFE000FACADC /* SingleViewController.app */ = {isa = PBXFileReference; explicitFileType = wrapper.application; includeInIndex = 0; path = SingleViewController.app; sourceTree = BUILT_PRODUCTS_DIR; };
		21CD0BF22270FFE000FACADC /* AppDelegate.swift */ = {isa = PBXFileReference; lastKnownFileType = sourcecode.swift; path = AppDelegate.swift; sourceTree = "<group>"; };
		21CD0BF42270FFE000FACADC /* ViewController.swift */ = {isa = PBXFileReference; lastKnownFileType = sourcecode.swift; path = ViewController.swift; sourceTree = "<group>"; };
		21CD0BF72270FFE000FACADC /* Base */ = {isa = PBXFileReference; lastKnownFileType = file.storyboard; name = Base; path = Base.lproj/Main.storyboard; sourceTree = "<group>"; };
		21CD0BF92270FFE300FACADC /* Assets.xcassets */ = {isa = PBXFileReference; lastKnownFileType = folder.assetcatalog; path = Assets.xcassets; sourceTree = "<group>"; };
		21CD0BFC2270FFE300FACADC /* Base */ = {isa = PBXFileReference; lastKnownFileType = file.storyboard; name = Base; path = Base.lproj/LaunchScreen.storyboard; sourceTree = "<group>"; };
		21CD0BFE2270FFE300FACADC /* Info.plist */ = {isa = PBXFileReference; lastKnownFileType = text.plist.xml; path = Info.plist; sourceTree = "<group>"; };
		21CD0C042271050700FACADC /* BlueViewController.swift */ = {isa = PBXFileReference; lastKnownFileType = sourcecode.swift; path = BlueViewController.swift; sourceTree = "<group>"; };
/* End PBXFileReference section */

/* Begin PBXFrameworksBuildPhase section */
		21CD0BEC2270FFE000FACADC /* Frameworks */ = {
			isa = PBXFrameworksBuildPhase;
			buildActionMask = 2147483647;
			files = (
			);
			runOnlyForDeploymentPostprocessing = 0;
		};
/* End PBXFrameworksBuildPhase section */

/* Begin PBXGroup section */
		21CD0BE62270FFE000FACADC = {
			isa = PBXGroup;
			children = (
				21CD0BF12270FFE000FACADC /* SingleViewController */,
				21CD0BF02270FFE000FACADC /* Products */,
			);
			sourceTree = "<group>";
		};
		21CD0BF02270FFE000FACADC /* Products */ = {
			isa = PBXGroup;
			children = (
				21CD0BEF2270FFE000FACADC /* SingleViewController.app */,
			);
			name = Products;
			sourceTree = "<group>";
		};
		21CD0BF12270FFE000FACADC /* SingleViewController */ = {
			isa = PBXGroup;
			children = (
				21CD0BF22270FFE000FACADC /* AppDelegate.swift */,
				21CD0BF42270FFE000FACADC /* ViewController.swift */,
				21CD0C042271050700FACADC /* BlueViewController.swift */,
				21CD0BF62270FFE000FACADC /* Main.storyboard */,
				21CD0BF92270FFE300FACADC /* Assets.xcassets */,
				21CD0BFB2270FFE300FACADC /* LaunchScreen.storyboard */,
				21CD0BFE2270FFE300FACADC /* Info.plist */,
			);
			path = SingleViewController;
			sourceTree = "<group>";
		};
/* End PBXGroup section */

/* Begin PBXNativeTarget section */
		21CD0BEE2270FFE000FACADC /* SingleViewController */ = {
			isa = PBXNativeTarget;
			buildConfigurationList = 21CD0C012270FFE300FACADC /* Build configuration list for PBXNativeTarget "SingleViewController" */;
			buildPhases = (
				21CD0BEB2270FFE000FACADC /* Sources */,
				21CD0BEC2270FFE000FACADC /* Frameworks */,
				21CD0BED2270FFE000FACADC /* Resources */,
			);
			buildRules = (
			);
			dependencies = (
			);
			name = SingleViewController;
			productName = SingleViewController;
			productReference = 21CD0BEF2270FFE000FACADC /* SingleViewController.app */;
			productType = "com.apple.product-type.application";
		};
/* End PBXNativeTarget section */

/* Begin PBXProject section */
		21CD0BE72270FFE000FACADC /* Project object */ = {
			isa = PBXProject;
			attributes = {
				LastSwiftUpdateCheck = 1010;
				LastUpgradeCheck = 1010;
				ORGANIZATIONNAME = Enrique;
				TargetAttributes = {
					21CD0BEE2270FFE000FACADC = {
						CreatedOnToolsVersion = 10.1;
					};
				};
			};
			buildConfigurationList = 21CD0BEA2270FFE000FACADC /* Build configuration list for PBXProject "SingleViewController" */;
			compatibilityVersion = "Xcode 9.3";
			developmentRegion = en;
			hasScannedForEncodings = 0;
			knownRegions = (
				en,
				Base,
			);
			mainGroup = 21CD0BE62270FFE000FACADC;
			productRefGroup = 21CD0BF02270FFE000FACADC /* Products */;
			projectDirPath = "";
			projectRoot = "";
			targets = (
				21CD0BEE2270FFE000FACADC /* SingleViewController */,
			);
		};
/* End PBXProject section */

/* Begin PBXResourcesBuildPhase section */
		21CD0BED2270FFE000FACADC /* Resources */ = {
			isa = PBXResourcesBuildPhase;
			buildActionMask = 2147483647;
			files = (
				21CD0BFD2270FFE300FACADC /* LaunchScreen.storyboard in Resources */,
				21CD0BFA2270FFE300FACADC /* Assets.xcassets in Resources */,
				21CD0BF82270FFE000FACADC /* Main.storyboard in Resources */,
			);
			runOnlyForDeploymentPostprocessing = 0;
		};
/* End PBXResourcesBuildPhase section */

/* Begin PBXSourcesBuildPhase section */
		21CD0BEB2270FFE000FACADC /* Sources */ = {
			isa = PBXSourcesBuildPhase;
			buildActionMask = 2147483647;
			files = (
				21CD0BF52270FFE000FACADC /* ViewController.swift in Sources */,
				21CD0C052271050700FACADC /* BlueViewController.swift in Sources */,
				21CD0BF32270FFE000FACADC /* AppDelegate.swift in Sources */,
			);
			runOnlyForDeploymentPostprocessing = 0;
		};
/* End PBXSourcesBuildPhase section */

/* Begin PBXVariantGroup section */
		21CD0BF62270FFE000FACADC /* Main.storyboard */ = {
			isa = PBXVariantGroup;
			children = (
				21CD0BF72270FFE000FACADC /* Base */,
			);
			name = Main.storyboard;
			sourceTree = "<group>";
		};
		21CD0BFB2270FFE300FACADC /* LaunchScreen.storyboard */ = {
			isa = PBXVariantGroup;
			children = (
				21CD0BFC2270FFE300FACADC /* Base */,
			);
			name = LaunchScreen.storyboard;
			sourceTree = "<group>";
		};
/* End PBXVariantGroup section */

/* Begin XCBuildConfiguration section */
		21CD0BFF2270FFE300FACADC /* Debug */ = {
			isa = XCBuildConfiguration;
			buildSettings = {
				ALWAYS_SEARCH_USER_PATHS = NO;
				CLANG_ANALYZER_NONNULL = YES;
				CLANG_ANALYZER_NUMBER_OBJECT_CONVERSION = YES_AGGRESSIVE;
				CLANG_CXX_LANGUAGE_STANDARD = "gnu++14";
				CLANG_CXX_LIBRARY = "libc++";
				CLANG_ENABLE_MODULES = YES;
				CLANG_ENABLE_OBJC_ARC = YES;
				CLANG_ENABLE_OBJC_WEAK = YES;
				CLANG_WARN_BLOCK_CAPTURE_AUTORELEASING = YES;
				CLANG_WARN_BOOL_CONVERSION = YES;
				CLANG_WARN_COMMA = YES;
				CLANG_WARN_CONSTANT_CONVERSION = YES;
				CLANG_WARN_DEPRECATED_OBJC_IMPLEMENTATIONS = YES;
				CLANG_WARN_DIRECT_OBJC_ISA_USAGE = YES_ERROR;
				CLANG_WARN_DOCUMENTATION_COMMENTS = YES;
				CLANG_WARN_EMPTY_BODY = YES;
				CLANG_WARN_ENUM_CONVERSION = YES;
				CLANG_WARN_INFINITE_RECURSION = YES;
				CLANG_WARN_INT_CONVERSION = YES;
				CLANG_WARN_NON_LITERAL_NULL_CONVERSION = YES;
				CLANG_WARN_OBJC_IMPLICIT_RETAIN_SELF = YES;
				CLANG_WARN_OBJC_LITERAL_CONVERSION = YES;
				CLANG_WARN_OBJC_ROOT_CLASS = YES_ERROR;
				CLANG_WARN_RANGE_LOOP_ANALYSIS = YES;
				CLANG_WARN_STRICT_PROTOTYPES = YES;
				CLANG_WARN_SUSPICIOUS_MOVE = YES;
				CLANG_WARN_UNGUARDED_AVAILABILITY = YES_AGGRESSIVE;
				CLANG_WARN_UNREACHABLE_CODE = YES;
				CLANG_WARN__DUPLICATE_METHOD_MATCH = YES;
				CODE_SIGN_IDENTITY = "iPhone Developer";
				COPY_PHASE_STRIP = NO;
				DEBUG_INFORMATION_FORMAT = dwarf;
				ENABLE_STRICT_OBJC_MSGSEND = YES;
				ENABLE_TESTABILITY = YES;
				GCC_C_LANGUAGE_STANDARD = gnu11;
				GCC_DYNAMIC_NO_PIC = NO;
				GCC_NO_COMMON_BLOCKS = YES;
				GCC_OPTIMIZATION_LEVEL = 0;
				GCC_PREPROCESSOR_DEFINITIONS = (
					"DEBUG=1",
					"$(inherited)",
				);
				GCC_WARN_64_TO_32_BIT_CONVERSION = YES;
				GCC_WARN_ABOUT_RETURN_TYPE = YES_ERROR;
				GCC_WARN_UNDECLARED_SELECTOR = YES;
				GCC_WARN_UNINITIALIZED_AUTOS = YES_AGGRESSIVE;
				GCC_WARN_UNUSED_FUNCTION = YES;
				GCC_WARN_UNUSED_VARIABLE = YES;
				IPHONEOS_DEPLOYMENT_TARGET = 12.1;
				MTL_ENABLE_DEBUG_INFO = INCLUDE_SOURCE;
				MTL_FAST_MATH = YES;
				ONLY_ACTIVE_ARCH = YES;
				SDKROOT = iphoneos;
				SWIFT_ACTIVE_COMPILATION_CONDITIONS = DEBUG;
				SWIFT_OPTIMIZATION_LEVEL = "-Onone";
			};
			name = Debug;
		};
		21CD0C002270FFE300FACADC /* Release */ = {
			isa = XCBuildConfiguration;
			buildSettings = {
				ALWAYS_SEARCH_USER_PATHS = NO;
				CLANG_ANALYZER_NONNULL = YES;
				CLANG_ANALYZER_NUMBER_OBJECT_CONVERSION = YES_AGGRESSIVE;
				CLANG_CXX_LANGUAGE_STANDARD = "gnu++14";
				CLANG_CXX_LIBRARY = "libc++";
				CLANG_ENABLE_MODULES = YES;
				CLANG_ENABLE_OBJC_ARC = YES;
				CLANG_ENABLE_OBJC_WEAK = YES;
				CLANG_WARN_BLOCK_CAPTURE_AUTORELEASING = YES;
				CLANG_WARN_BOOL_CONVERSION = YES;
				CLANG_WARN_COMMA = YES;
				CLANG_WARN_CONSTANT_CONVERSION = YES;
				CLANG_WARN_DEPRECATED_OBJC_IMPLEMENTATIONS = YES;
				CLANG_WARN_DIRECT_OBJC_ISA_USAGE = YES_ERROR;
				CLANG_WARN_DOCUMENTATION_COMMENTS = YES;
				CLANG_WARN_EMPTY_BODY = YES;
				CLANG_WARN_ENUM_CONVERSION = YES;
				CLANG_WARN_INFINITE_RECURSION = YES;
				CLANG_WARN_INT_CONVERSION = YES;
				CLANG_WARN_NON_LITERAL_NULL_CONVERSION = YES;
				CLANG_WARN_OBJC_IMPLICIT_RETAIN_SELF = YES;
				CLANG_WARN_OBJC_LITERAL_CONVERSION = YES;
				CLANG_WARN_OBJC_ROOT_CLASS = YES_ERROR;
				CLANG_WARN_RANGE_LOOP_ANALYSIS = YES;
				CLANG_WARN_STRICT_PROTOTYPES = YES;
				CLANG_WARN_SUSPICIOUS_MOVE = YES;
				CLANG_WARN_UNGUARDED_AVAILABILITY = YES_AGGRESSIVE;
				CLANG_WARN_UNREACHABLE_CODE = YES;
				CLANG_WARN__DUPLICATE_METHOD_MATCH = YES;
				CODE_SIGN_IDENTITY = "iPhone Developer";
				COPY_PHASE_STRIP = NO;
				DEBUG_INFORMATION_FORMAT = "dwarf-with-dsym";
				ENABLE_NS_ASSERTIONS = NO;
				ENABLE_STRICT_OBJC_MSGSEND = YES;
				GCC_C_LANGUAGE_STANDARD = gnu11;
				GCC_NO_COMMON_BLOCKS = YES;
				GCC_WARN_64_TO_32_BIT_CONVERSION = YES;
				GCC_WARN_ABOUT_RETURN_TYPE = YES_ERROR;
				GCC_WARN_UNDECLARED_SELECTOR = YES;
				GCC_WARN_UNINITIALIZED_AUTOS = YES_AGGRESSIVE;
				GCC_WARN_UNUSED_FUNCTION = YES;
				GCC_WARN_UNUSED_VARIABLE = YES;
				IPHONEOS_DEPLOYMENT_TARGET = 12.1;
				MTL_ENABLE_DEBUG_INFO = NO;
				MTL_FAST_MATH = YES;
				SDKROOT = iphoneos;
				SWIFT_COMPILATION_MODE = wholemodule;
				SWIFT_OPTIMIZATION_LEVEL = "-O";
				VALIDATE_PRODUCT = YES;
			};
			name = Release;
		};
		21CD0C022270FFE300FACADC /* Debug */ = {
			isa = XCBuildConfiguration;
			buildSettings = {
				ASSETCATALOG_COMPILER_APPICON_NAME = AppIcon;
				CODE_SIGN_STYLE = Automatic;
				DEVELOPMENT_TEAM = L7L53ZA324;
				INFOPLIST_FILE = SingleViewController/Info.plist;
				LD_RUNPATH_SEARCH_PATHS = (
					"$(inherited)",
					"@executable_path/Frameworks",
				);
				PRODUCT_BUNDLE_IDENTIFIER = Enrique.SingleViewController;
				PRODUCT_NAME = "$(TARGET_NAME)";
				SWIFT_VERSION = 4.2;
				TARGETED_DEVICE_FAMILY = "1,2";
			};
			name = Debug;
		};
		21CD0C032270FFE300FACADC /* Release */ = {
			isa = XCBuildConfiguration;
			buildSettings = {
				ASSETCATALOG_COMPILER_APPICON_NAME = AppIcon;
				CODE_SIGN_STYLE = Automatic;
				DEVELOPMENT_TEAM = L7L53ZA324;
				INFOPLIST_FILE = SingleViewController/Info.plist;
				LD_RUNPATH_SEARCH_PATHS = (
					"$(inherited)",
					"@executable_path/Frameworks",
				);
				PRODUCT_BUNDLE_IDENTIFIER = Enrique.SingleViewController;
				PRODUCT_NAME = "$(TARGET_NAME)";
				SWIFT_VERSION = 4.2;
				TARGETED_DEVICE_FAMILY = "1,2";
			};
			name = Release;
		};
/* End XCBuildConfiguration section */

/* Begin XCConfigurationList section */
		21CD0BEA2270FFE000FACADC /* Build configuration list for PBXProject "SingleViewController" */ = {
			isa = XCConfigurationList;
			buildConfigurations = (
				21CD0BFF2270FFE300FACADC /* Debug */,
				21CD0C002270FFE300FACADC /* Release */,
			);
			defaultConfigurationIsVisible = 0;
			defaultConfigurationName = Release;
		};
		21CD0C012270FFE300FACADC /* Build configuration list for PBXNativeTarget "SingleViewController" */ = {
			isa = XCConfigurationList;
			buildConfigurations = (
				21CD0C022270FFE300FACADC /* Debug */,
				21CD0C032270FFE300FACADC /* Release */,
			);
			defaultConfigurationIsVisible = 0;
			defaultConfigurationName = Release;
		};
/* End XCConfigurationList section */
	};
	rootObject = 21CD0BE72270FFE000FACADC /* Project object */;
}
