// !$*UTF8*$!
{
	archiveVersion = 1;
	classes = {
	};
	objectVersion = 50;
	objects = {

/* Begin PBXBuildFile section */
		2116F04B227BEE71008DA9EE /* AppDelegate.swift in Sources */ = {isa = PBXBuildFile; fileRef = 2116F04A227BEE71008DA9EE /* AppDelegate.swift */; };
		2116F04D227BEE71008DA9EE /* ViewController.swift in Sources */ = {isa = PBXBuildFile; fileRef = 2116F04C227BEE71008DA9EE /* ViewController.swift */; };
		2116F050227BEE71008DA9EE /* Main.storyboard in Resources */ = {isa = PBXBuildFile; fileRef = 2116F04E227BEE71008DA9EE /* Main.storyboard */; };
		2116F052227BEE73008DA9EE /* Assets.xcassets in Resources */ = {isa = PBXBuildFile; fileRef = 2116F051227BEE73008DA9EE /* Assets.xcassets */; };
		2116F055227BEE73008DA9EE /* LaunchScreen.storyboard in Resources */ = {isa = PBXBuildFile; fileRef = 2116F053227BEE73008DA9EE /* LaunchScreen.storyboard */; };
		2116F05E227BEF44008DA9EE /* AddViewController.swift in Sources */ = {isa = PBXBuildFile; fileRef = 2116F05D227BEF44008DA9EE /* AddViewController.swift */; };
		2116F060227BEF4F008DA9EE /* TodoViewController.swift in Sources */ = {isa = PBXBuildFile; fileRef = 2116F05F227BEF4F008DA9EE /* TodoViewController.swift */; };
		2116F064227BF6E1008DA9EE /* Todos.xcdatamodeld in Sources */ = {isa = PBXBuildFile; fileRef = 2116F062227BF6E1008DA9EE /* Todos.xcdatamodeld */; };
		2116F066227BF79B008DA9EE /* CoreDataStack.swift in Sources */ = {isa = PBXBuildFile; fileRef = 2116F065227BF79B008DA9EE /* CoreDataStack.swift */; };
/* End PBXBuildFile section */

/* Begin PBXFileReference section */
		2116F047227BEE71008DA9EE /* TodoApp_Assignment6.app */ = {isa = PBXFileReference; explicitFileType = wrapper.application; includeInIndex = 0; path = TodoApp_Assignment6.app; sourceTree = BUILT_PRODUCTS_DIR; };
		2116F04A227BEE71008DA9EE /* AppDelegate.swift */ = {isa = PBXFileReference; lastKnownFileType = sourcecode.swift; path = AppDelegate.swift; sourceTree = "<group>"; };
		2116F04C227BEE71008DA9EE /* ViewController.swift */ = {isa = PBXFileReference; lastKnownFileType = sourcecode.swift; path = ViewController.swift; sourceTree = "<group>"; };
		2116F04F227BEE71008DA9EE /* Base */ = {isa = PBXFileReference; lastKnownFileType = file.storyboard; name = Base; path = Base.lproj/Main.storyboard; sourceTree = "<group>"; };
		2116F051227BEE73008DA9EE /* Assets.xcassets */ = {isa = PBXFileReference; lastKnownFileType = folder.assetcatalog; path = Assets.xcassets; sourceTree = "<group>"; };
		2116F054227BEE73008DA9EE /* Base */ = {isa = PBXFileReference; lastKnownFileType = file.storyboard; name = Base; path = Base.lproj/LaunchScreen.storyboard; sourceTree = "<group>"; };
		2116F056227BEE73008DA9EE /* Info.plist */ = {isa = PBXFileReference; lastKnownFileType = text.plist.xml; path = Info.plist; sourceTree = "<group>"; };
		2116F05D227BEF44008DA9EE /* AddViewController.swift */ = {isa = PBXFileReference; lastKnownFileType = sourcecode.swift; path = AddViewController.swift; sourceTree = "<group>"; };
		2116F05F227BEF4F008DA9EE /* TodoViewController.swift */ = {isa = PBXFileReference; lastKnownFileType = sourcecode.swift; path = TodoViewController.swift; sourceTree = "<group>"; };
		2116F063227BF6E1008DA9EE /* Todos.xcdatamodel */ = {isa = PBXFileReference; lastKnownFileType = wrapper.xcdatamodel; path = Todos.xcdatamodel; sourceTree = "<group>"; };
		2116F065227BF79B008DA9EE /* CoreDataStack.swift */ = {isa = PBXFileReference; lastKnownFileType = sourcecode.swift; path = CoreDataStack.swift; sourceTree = "<group>"; };
/* End PBXFileReference section */

/* Begin PBXFrameworksBuildPhase section */
		2116F044227BEE71008DA9EE /* Frameworks */ = {
			isa = PBXFrameworksBuildPhase;
			buildActionMask = 2147483647;
			files = (
			);
			runOnlyForDeploymentPostprocessing = 0;
		};
/* End PBXFrameworksBuildPhase section */

/* Begin PBXGroup section */
		2116F03E227BEE71008DA9EE = {
			isa = PBXGroup;
			children = (
				2116F049227BEE71008DA9EE /* TodoApp_Assignment6 */,
				2116F048227BEE71008DA9EE /* Products */,
			);
			sourceTree = "<group>";
		};
		2116F048227BEE71008DA9EE /* Products */ = {
			isa = PBXGroup;
			children = (
				2116F047227BEE71008DA9EE /* TodoApp_Assignment6.app */,
			);
			name = Products;
			sourceTree = "<group>";
		};
		2116F049227BEE71008DA9EE /* TodoApp_Assignment6 */ = {
			isa = PBXGroup;
			children = (
				2116F061227BF6A7008DA9EE /* CoreData */,
				2116F05C227BEF1E008DA9EE /* ViewController */,
				2116F04A227BEE71008DA9EE /* AppDelegate.swift */,
				2116F04C227BEE71008DA9EE /* ViewController.swift */,
				2116F04E227BEE71008DA9EE /* Main.storyboard */,
				2116F051227BEE73008DA9EE /* Assets.xcassets */,
				2116F053227BEE73008DA9EE /* LaunchScreen.storyboard */,
				2116F056227BEE73008DA9EE /* Info.plist */,
			);
			path = TodoApp_Assignment6;
			sourceTree = "<group>";
		};
		2116F05C227BEF1E008DA9EE /* ViewController */ = {
			isa = PBXGroup;
			children = (
				2116F05D227BEF44008DA9EE /* AddViewController.swift */,
				2116F05F227BEF4F008DA9EE /* TodoViewController.swift */,
			);
			path = ViewController;
			sourceTree = "<group>";
		};
		2116F061227BF6A7008DA9EE /* CoreData */ = {
			isa = PBXGroup;
			children = (
				2116F062227BF6E1008DA9EE /* Todos.xcdatamodeld */,
				2116F065227BF79B008DA9EE /* CoreDataStack.swift */,
			);
			path = CoreData;
			sourceTree = "<group>";
		};
/* End PBXGroup section */

/* Begin PBXNativeTarget section */
		2116F046227BEE71008DA9EE /* TodoApp_Assignment6 */ = {
			isa = PBXNativeTarget;
			buildConfigurationList = 2116F059227BEE73008DA9EE /* Build configuration list for PBXNativeTarget "TodoApp_Assignment6" */;
			buildPhases = (
				2116F043227BEE71008DA9EE /* Sources */,
				2116F044227BEE71008DA9EE /* Frameworks */,
				2116F045227BEE71008DA9EE /* Resources */,
			);
			buildRules = (
			);
			dependencies = (
			);
			name = TodoApp_Assignment6;
			productName = TodoApp_Assignment6;
			productReference = 2116F047227BEE71008DA9EE /* TodoApp_Assignment6.app */;
			productType = "com.apple.product-type.application";
		};
/* End PBXNativeTarget section */

/* Begin PBXProject section */
		2116F03F227BEE71008DA9EE /* Project object */ = {
			isa = PBXProject;
			attributes = {
				LastSwiftUpdateCheck = 1010;
				LastUpgradeCheck = 1010;
				ORGANIZATIONNAME = Enrique;
				TargetAttributes = {
					2116F046227BEE71008DA9EE = {
						CreatedOnToolsVersion = 10.1;
					};
				};
			};
			buildConfigurationList = 2116F042227BEE71008DA9EE /* Build configuration list for PBXProject "TodoApp_Assignment6" */;
			compatibilityVersion = "Xcode 9.3";
			developmentRegion = en;
			hasScannedForEncodings = 0;
			knownRegions = (
				en,
				Base,
			);
			mainGroup = 2116F03E227BEE71008DA9EE;
			productRefGroup = 2116F048227BEE71008DA9EE /* Products */;
			projectDirPath = "";
			projectRoot = "";
			targets = (
				2116F046227BEE71008DA9EE /* TodoApp_Assignment6 */,
			);
		};
/* End PBXProject section */

/* Begin PBXResourcesBuildPhase section */
		2116F045227BEE71008DA9EE /* Resources */ = {
			isa = PBXResourcesBuildPhase;
			buildActionMask = 2147483647;
			files = (
				2116F055227BEE73008DA9EE /* LaunchScreen.storyboard in Resources */,
				2116F052227BEE73008DA9EE /* Assets.xcassets in Resources */,
				2116F050227BEE71008DA9EE /* Main.storyboard in Resources */,
			);
			runOnlyForDeploymentPostprocessing = 0;
		};
/* End PBXResourcesBuildPhase section */

/* Begin PBXSourcesBuildPhase section */
		2116F043227BEE71008DA9EE /* Sources */ = {
			isa = PBXSourcesBuildPhase;
			buildActionMask = 2147483647;
			files = (
				2116F060227BEF4F008DA9EE /* TodoViewController.swift in Sources */,
				2116F064227BF6E1008DA9EE /* Todos.xcdatamodeld in Sources */,
				2116F04D227BEE71008DA9EE /* ViewController.swift in Sources */,
				2116F066227BF79B008DA9EE /* CoreDataStack.swift in Sources */,
				2116F04B227BEE71008DA9EE /* AppDelegate.swift in Sources */,
				2116F05E227BEF44008DA9EE /* AddViewController.swift in Sources */,
			);
			runOnlyForDeploymentPostprocessing = 0;
		};
/* End PBXSourcesBuildPhase section */

/* Begin PBXVariantGroup section */
		2116F04E227BEE71008DA9EE /* Main.storyboard */ = {
			isa = PBXVariantGroup;
			children = (
				2116F04F227BEE71008DA9EE /* Base */,
			);
			name = Main.storyboard;
			sourceTree = "<group>";
		};
		2116F053227BEE73008DA9EE /* LaunchScreen.storyboard */ = {
			isa = PBXVariantGroup;
			children = (
				2116F054227BEE73008DA9EE /* Base */,
			);
			name = LaunchScreen.storyboard;
			sourceTree = "<group>";
		};
/* End PBXVariantGroup section */

/* Begin XCBuildConfiguration section */
		2116F057227BEE73008DA9EE /* Debug */ = {
			isa = XCBuildConfiguration;
			buildSettings = {
				ALWAYS_SEARCH_USER_PATHS = NO;
				CLANG_ANALYZER_NONNULL = YES;
				CLANG_ANALYZER_NUMBER_OBJECT_CONVERSION = YES_AGGRESSIVE;
				CLANG_CXX_LANGUAGE_STANDARD = "gnu++14";
				CLANG_CXX_LIBRARY = "libc++";
				CLANG_ENABLE_MODULES = YES;
				CLANG_ENABLE_OBJC_ARC = YES;
				CLANG_ENABLE_OBJC_WEAK = YES;
				CLANG_WARN_BLOCK_CAPTURE_AUTORELEASING = YES;
				CLANG_WARN_BOOL_CONVERSION = YES;
				CLANG_WARN_COMMA = YES;
				CLANG_WARN_CONSTANT_CONVERSION = YES;
				CLANG_WARN_DEPRECATED_OBJC_IMPLEMENTATIONS = YES;
				CLANG_WARN_DIRECT_OBJC_ISA_USAGE = YES_ERROR;
				CLANG_WARN_DOCUMENTATION_COMMENTS = YES;
				CLANG_WARN_EMPTY_BODY = YES;
				CLANG_WARN_ENUM_CONVERSION = YES;
				CLANG_WARN_INFINITE_RECURSION = YES;
				CLANG_WARN_INT_CONVERSION = YES;
				CLANG_WARN_NON_LITERAL_NULL_CONVERSION = YES;
				CLANG_WARN_OBJC_IMPLICIT_RETAIN_SELF = YES;
				CLANG_WARN_OBJC_LITERAL_CONVERSION = YES;
				CLANG_WARN_OBJC_ROOT_CLASS = YES_ERROR;
				CLANG_WARN_RANGE_LOOP_ANALYSIS = YES;
				CLANG_WARN_STRICT_PROTOTYPES = YES;
				CLANG_WARN_SUSPICIOUS_MOVE = YES;
				CLANG_WARN_UNGUARDED_AVAILABILITY = YES_AGGRESSIVE;
				CLANG_WARN_UNREACHABLE_CODE = YES;
				CLANG_WARN__DUPLICATE_METHOD_MATCH = YES;
				CODE_SIGN_IDENTITY = "iPhone Developer";
				COPY_PHASE_STRIP = NO;
				DEBUG_INFORMATION_FORMAT = dwarf;
				ENABLE_STRICT_OBJC_MSGSEND = YES;
				ENABLE_TESTABILITY = YES;
				GCC_C_LANGUAGE_STANDARD = gnu11;
				GCC_DYNAMIC_NO_PIC = NO;
				GCC_NO_COMMON_BLOCKS = YES;
				GCC_OPTIMIZATION_LEVEL = 0;
				GCC_PREPROCESSOR_DEFINITIONS = (
					"DEBUG=1",
					"$(inherited)",
				);
				GCC_WARN_64_TO_32_BIT_CONVERSION = YES;
				GCC_WARN_ABOUT_RETURN_TYPE = YES_ERROR;
				GCC_WARN_UNDECLARED_SELECTOR = YES;
				GCC_WARN_UNINITIALIZED_AUTOS = YES_AGGRESSIVE;
				GCC_WARN_UNUSED_FUNCTION = YES;
				GCC_WARN_UNUSED_VARIABLE = YES;
				IPHONEOS_DEPLOYMENT_TARGET = 12.1;
				MTL_ENABLE_DEBUG_INFO = INCLUDE_SOURCE;
				MTL_FAST_MATH = YES;
				ONLY_ACTIVE_ARCH = YES;
				SDKROOT = iphoneos;
				SWIFT_ACTIVE_COMPILATION_CONDITIONS = DEBUG;
				SWIFT_OPTIMIZATION_LEVEL = "-Onone";
			};
			name = Debug;
		};
		2116F058227BEE73008DA9EE /* Release */ = {
			isa = XCBuildConfiguration;
			buildSettings = {
				ALWAYS_SEARCH_USER_PATHS = NO;
				CLANG_ANALYZER_NONNULL = YES;
				CLANG_ANALYZER_NUMBER_OBJECT_CONVERSION = YES_AGGRESSIVE;
				CLANG_CXX_LANGUAGE_STANDARD = "gnu++14";
				CLANG_CXX_LIBRARY = "libc++";
				CLANG_ENABLE_MODULES = YES;
				CLANG_ENABLE_OBJC_ARC = YES;
				CLANG_ENABLE_OBJC_WEAK = YES;
				CLANG_WARN_BLOCK_CAPTURE_AUTORELEASING = YES;
				CLANG_WARN_BOOL_CONVERSION = YES;
				CLANG_WARN_COMMA = YES;
				CLANG_WARN_CONSTANT_CONVERSION = YES;
				CLANG_WARN_DEPRECATED_OBJC_IMPLEMENTATIONS = YES;
				CLANG_WARN_DIRECT_OBJC_ISA_USAGE = YES_ERROR;
				CLANG_WARN_DOCUMENTATION_COMMENTS = YES;
				CLANG_WARN_EMPTY_BODY = YES;
				CLANG_WARN_ENUM_CONVERSION = YES;
				CLANG_WARN_INFINITE_RECURSION = YES;
				CLANG_WARN_INT_CONVERSION = YES;
				CLANG_WARN_NON_LITERAL_NULL_CONVERSION = YES;
				CLANG_WARN_OBJC_IMPLICIT_RETAIN_SELF = YES;
				CLANG_WARN_OBJC_LITERAL_CONVERSION = YES;
				CLANG_WARN_OBJC_ROOT_CLASS = YES_ERROR;
				CLANG_WARN_RANGE_LOOP_ANALYSIS = YES;
				CLANG_WARN_STRICT_PROTOTYPES = YES;
				CLANG_WARN_SUSPICIOUS_MOVE = YES;
				CLANG_WARN_UNGUARDED_AVAILABILITY = YES_AGGRESSIVE;
				CLANG_WARN_UNREACHABLE_CODE = YES;
				CLANG_WARN__DUPLICATE_METHOD_MATCH = YES;
				CODE_SIGN_IDENTITY = "iPhone Developer";
				COPY_PHASE_STRIP = NO;
				DEBUG_INFORMATION_FORMAT = "dwarf-with-dsym";
				ENABLE_NS_ASSERTIONS = NO;
				ENABLE_STRICT_OBJC_MSGSEND = YES;
				GCC_C_LANGUAGE_STANDARD = gnu11;
				GCC_NO_COMMON_BLOCKS = YES;
				GCC_WARN_64_TO_32_BIT_CONVERSION = YES;
				GCC_WARN_ABOUT_RETURN_TYPE = YES_ERROR;
				GCC_WARN_UNDECLARED_SELECTOR = YES;
				GCC_WARN_UNINITIALIZED_AUTOS = YES_AGGRESSIVE;
				GCC_WARN_UNUSED_FUNCTION = YES;
				GCC_WARN_UNUSED_VARIABLE = YES;
				IPHONEOS_DEPLOYMENT_TARGET = 12.1;
				MTL_ENABLE_DEBUG_INFO = NO;
				MTL_FAST_MATH = YES;
				SDKROOT = iphoneos;
				SWIFT_COMPILATION_MODE = wholemodule;
				SWIFT_OPTIMIZATION_LEVEL = "-O";
				VALIDATE_PRODUCT = YES;
			};
			name = Release;
		};
		2116F05A227BEE73008DA9EE /* Debug */ = {
			isa = XCBuildConfiguration;
			buildSettings = {
				ASSETCATALOG_COMPILER_APPICON_NAME = AppIcon;
				CODE_SIGN_STYLE = Automatic;
				DEVELOPMENT_TEAM = L7L53ZA324;
				INFOPLIST_FILE = TodoApp_Assignment6/Info.plist;
				LD_RUNPATH_SEARCH_PATHS = (
					"$(inherited)",
					"@executable_path/Frameworks",
				);
				PRODUCT_BUNDLE_IDENTIFIER = "Enrique.TodoApp-Assignment6";
				PRODUCT_NAME = "$(TARGET_NAME)";
				SWIFT_VERSION = 4.2;
				TARGETED_DEVICE_FAMILY = "1,2";
			};
			name = Debug;
		};
		2116F05B227BEE73008DA9EE /* Release */ = {
			isa = XCBuildConfiguration;
			buildSettings = {
				ASSETCATALOG_COMPILER_APPICON_NAME = AppIcon;
				CODE_SIGN_STYLE = Automatic;
				DEVELOPMENT_TEAM = L7L53ZA324;
				INFOPLIST_FILE = TodoApp_Assignment6/Info.plist;
				LD_RUNPATH_SEARCH_PATHS = (
					"$(inherited)",
					"@executable_path/Frameworks",
				);
				PRODUCT_BUNDLE_IDENTIFIER = "Enrique.TodoApp-Assignment6";
				PRODUCT_NAME = "$(TARGET_NAME)";
				SWIFT_VERSION = 4.2;
				TARGETED_DEVICE_FAMILY = "1,2";
			};
			name = Release;
		};
/* End XCBuildConfiguration section */

/* Begin XCConfigurationList section */
		2116F042227BEE71008DA9EE /* Build configuration list for PBXProject "TodoApp_Assignment6" */ = {
			isa = XCConfigurationList;
			buildConfigurations = (
				2116F057227BEE73008DA9EE /* Debug */,
				2116F058227BEE73008DA9EE /* Release */,
			);
			defaultConfigurationIsVisible = 0;
			defaultConfigurationName = Release;
		};
		2116F059227BEE73008DA9EE /* Build configuration list for PBXNativeTarget "TodoApp_Assignment6" */ = {
			isa = XCConfigurationList;
			buildConfigurations = (
				2116F05A227BEE73008DA9EE /* Debug */,
				2116F05B227BEE73008DA9EE /* Release */,
			);
			defaultConfigurationIsVisible = 0;
			defaultConfigurationName = Release;
		};
/* End XCConfigurationList section */

/* Begin XCVersionGroup section */
		2116F062227BF6E1008DA9EE /* Todos.xcdatamodeld */ = {
			isa = XCVersionGroup;
			children = (
				2116F063227BF6E1008DA9EE /* Todos.xcdatamodel */,
			);
			currentVersion = 2116F063227BF6E1008DA9EE /* Todos.xcdatamodel */;
			path = Todos.xcdatamodeld;
			sourceTree = "<group>";
			versionGroupType = wrapper.xcdatamodel;
		};
/* End XCVersionGroup section */
	};
	rootObject = 2116F03F227BEE71008DA9EE /* Project object */;
}
