// !$*UTF8*$!
{
	archiveVersion = 1;
	classes = {
	};
	objectVersion = 50;
	objects = {

/* Begin PBXBuildFile section */
		2153CFD722725E6D00317A1F /* AppDelegate.swift in Sources */ = {isa = PBXBuildFile; fileRef = 2153CFD622725E6D00317A1F /* AppDelegate.swift */; };
		2153CFDC22725E6D00317A1F /* Main.storyboard in Resources */ = {isa = PBXBuildFile; fileRef = 2153CFDA22725E6D00317A1F /* Main.storyboard */; };
		2153CFDE22725E6F00317A1F /* Assets.xcassets in Resources */ = {isa = PBXBuildFile; fileRef = 2153CFDD22725E6F00317A1F /* Assets.xcassets */; };
		2153CFE122725E6F00317A1F /* LaunchScreen.storyboard in Resources */ = {isa = PBXBuildFile; fileRef = 2153CFDF22725E6F00317A1F /* LaunchScreen.storyboard */; };
		2153CFE922725F2100317A1F /* MainTabBarController.swift in Sources */ = {isa = PBXBuildFile; fileRef = 2153CFE822725F2100317A1F /* MainTabBarController.swift */; };
		2153CFEB2272684500317A1F /* SearchViewController.swift in Sources */ = {isa = PBXBuildFile; fileRef = 2153CFEA2272684500317A1F /* SearchViewController.swift */; };
		2153D05222779B3500317A1F /* SearchCollectionViewsCells.swift in Sources */ = {isa = PBXBuildFile; fileRef = 2153D05122779B3500317A1F /* SearchCollectionViewsCells.swift */; };
		2153D0552277B73800317A1F /* UIViewContrainLayout.swift in Sources */ = {isa = PBXBuildFile; fileRef = 2153D0542277B73800317A1F /* UIViewContrainLayout.swift */; };
		2153D0582277BC3B00317A1F /* SearchResultApp.swift in Sources */ = {isa = PBXBuildFile; fileRef = 2153D0572277BC3B00317A1F /* SearchResultApp.swift */; };
/* End PBXBuildFile section */

/* Begin PBXFileReference section */
		2153CFD322725E6D00317A1F /* AppStore.app */ = {isa = PBXFileReference; explicitFileType = wrapper.application; includeInIndex = 0; path = AppStore.app; sourceTree = BUILT_PRODUCTS_DIR; };
		2153CFD622725E6D00317A1F /* AppDelegate.swift */ = {isa = PBXFileReference; lastKnownFileType = sourcecode.swift; path = AppDelegate.swift; sourceTree = "<group>"; };
		2153CFDB22725E6D00317A1F /* Base */ = {isa = PBXFileReference; lastKnownFileType = file.storyboard; name = Base; path = Base.lproj/Main.storyboard; sourceTree = "<group>"; };
		2153CFDD22725E6F00317A1F /* Assets.xcassets */ = {isa = PBXFileReference; lastKnownFileType = folder.assetcatalog; path = Assets.xcassets; sourceTree = "<group>"; };
		2153CFE022725E6F00317A1F /* Base */ = {isa = PBXFileReference; lastKnownFileType = file.storyboard; name = Base; path = Base.lproj/LaunchScreen.storyboard; sourceTree = "<group>"; };
		2153CFE222725E6F00317A1F /* Info.plist */ = {isa = PBXFileReference; lastKnownFileType = text.plist.xml; path = Info.plist; sourceTree = "<group>"; };
		2153CFE822725F2100317A1F /* MainTabBarController.swift */ = {isa = PBXFileReference; lastKnownFileType = sourcecode.swift; path = MainTabBarController.swift; sourceTree = "<group>"; };
		2153CFEA2272684500317A1F /* SearchViewController.swift */ = {isa = PBXFileReference; lastKnownFileType = sourcecode.swift; path = SearchViewController.swift; sourceTree = "<group>"; };
		2153D05122779B3500317A1F /* SearchCollectionViewsCells.swift */ = {isa = PBXFileReference; lastKnownFileType = sourcecode.swift; path = SearchCollectionViewsCells.swift; sourceTree = "<group>"; };
		2153D0542277B73800317A1F /* UIViewContrainLayout.swift */ = {isa = PBXFileReference; lastKnownFileType = sourcecode.swift; path = UIViewContrainLayout.swift; sourceTree = "<group>"; };
		2153D0572277BC3B00317A1F /* SearchResultApp.swift */ = {isa = PBXFileReference; lastKnownFileType = sourcecode.swift; path = SearchResultApp.swift; sourceTree = "<group>"; };
/* End PBXFileReference section */

/* Begin PBXFrameworksBuildPhase section */
		2153CFD022725E6D00317A1F /* Frameworks */ = {
			isa = PBXFrameworksBuildPhase;
			buildActionMask = 2147483647;
			files = (
			);
			runOnlyForDeploymentPostprocessing = 0;
		};
/* End PBXFrameworksBuildPhase section */

/* Begin PBXGroup section */
		2153CFCA22725E6D00317A1F = {
			isa = PBXGroup;
			children = (
				2153CFD522725E6D00317A1F /* AppStore */,
				2153CFD422725E6D00317A1F /* Products */,
			);
			sourceTree = "<group>";
		};
		2153CFD422725E6D00317A1F /* Products */ = {
			isa = PBXGroup;
			children = (
				2153CFD322725E6D00317A1F /* AppStore.app */,
			);
			name = Products;
			sourceTree = "<group>";
		};
		2153CFD522725E6D00317A1F /* AppStore */ = {
			isa = PBXGroup;
			children = (
				2153D0562277BBDC00317A1F /* Models */,
				2153D0532277B70B00317A1F /* Extension */,
				2153D05022779AFE00317A1F /* View */,
				2153CFEC2272686800317A1F /* Controller */,
				2153CFED227268D300317A1F /* SupportingFiles */,
				2153CFE222725E6F00317A1F /* Info.plist */,
			);
			path = AppStore;
			sourceTree = "<group>";
		};
		2153CFEC2272686800317A1F /* Controller */ = {
			isa = PBXGroup;
			children = (
				2153CFEA2272684500317A1F /* SearchViewController.swift */,
				2153CFE822725F2100317A1F /* MainTabBarController.swift */,
			);
			path = Controller;
			sourceTree = "<group>";
		};
		2153CFED227268D300317A1F /* SupportingFiles */ = {
			isa = PBXGroup;
			children = (
				2153CFD622725E6D00317A1F /* AppDelegate.swift */,
				2153CFDA22725E6D00317A1F /* Main.storyboard */,
				2153CFDD22725E6F00317A1F /* Assets.xcassets */,
				2153CFDF22725E6F00317A1F /* LaunchScreen.storyboard */,
			);
			path = SupportingFiles;
			sourceTree = "<group>";
		};
		2153D05022779AFE00317A1F /* View */ = {
			isa = PBXGroup;
			children = (
				2153D05122779B3500317A1F /* SearchCollectionViewsCells.swift */,
			);
			path = View;
			sourceTree = "<group>";
		};
		2153D0532277B70B00317A1F /* Extension */ = {
			isa = PBXGroup;
			children = (
				2153D0542277B73800317A1F /* UIViewContrainLayout.swift */,
			);
			path = Extension;
			sourceTree = "<group>";
		};
		2153D0562277BBDC00317A1F /* Models */ = {
			isa = PBXGroup;
			children = (
				2153D0572277BC3B00317A1F /* SearchResultApp.swift */,
			);
			path = Models;
			sourceTree = "<group>";
		};
/* End PBXGroup section */

/* Begin PBXNativeTarget section */
		2153CFD222725E6D00317A1F /* AppStore */ = {
			isa = PBXNativeTarget;
			buildConfigurationList = 2153CFE522725E6F00317A1F /* Build configuration list for PBXNativeTarget "AppStore" */;
			buildPhases = (
				2153CFCF22725E6D00317A1F /* Sources */,
				2153CFD022725E6D00317A1F /* Frameworks */,
				2153CFD122725E6D00317A1F /* Resources */,
			);
			buildRules = (
			);
			dependencies = (
			);
			name = AppStore;
			productName = AppStore;
			productReference = 2153CFD322725E6D00317A1F /* AppStore.app */;
			productType = "com.apple.product-type.application";
		};
/* End PBXNativeTarget section */

/* Begin PBXProject section */
		2153CFCB22725E6D00317A1F /* Project object */ = {
			isa = PBXProject;
			attributes = {
				LastSwiftUpdateCheck = 1010;
				LastUpgradeCheck = 1010;
				ORGANIZATIONNAME = Enrique;
				TargetAttributes = {
					2153CFD222725E6D00317A1F = {
						CreatedOnToolsVersion = 10.1;
					};
				};
			};
			buildConfigurationList = 2153CFCE22725E6D00317A1F /* Build configuration list for PBXProject "AppStore" */;
			compatibilityVersion = "Xcode 9.3";
			developmentRegion = en;
			hasScannedForEncodings = 0;
			knownRegions = (
				en,
				Base,
			);
			mainGroup = 2153CFCA22725E6D00317A1F;
			productRefGroup = 2153CFD422725E6D00317A1F /* Products */;
			projectDirPath = "";
			projectRoot = "";
			targets = (
				2153CFD222725E6D00317A1F /* AppStore */,
			);
		};
/* End PBXProject section */

/* Begin PBXResourcesBuildPhase section */
		2153CFD122725E6D00317A1F /* Resources */ = {
			isa = PBXResourcesBuildPhase;
			buildActionMask = 2147483647;
			files = (
				2153CFE122725E6F00317A1F /* LaunchScreen.storyboard in Resources */,
				2153CFDE22725E6F00317A1F /* Assets.xcassets in Resources */,
				2153CFDC22725E6D00317A1F /* Main.storyboard in Resources */,
			);
			runOnlyForDeploymentPostprocessing = 0;
		};
/* End PBXResourcesBuildPhase section */

/* Begin PBXSourcesBuildPhase section */
		2153CFCF22725E6D00317A1F /* Sources */ = {
			isa = PBXSourcesBuildPhase;
			buildActionMask = 2147483647;
			files = (
				2153CFD722725E6D00317A1F /* AppDelegate.swift in Sources */,
				2153D05222779B3500317A1F /* SearchCollectionViewsCells.swift in Sources */,
				2153CFEB2272684500317A1F /* SearchViewController.swift in Sources */,
				2153CFE922725F2100317A1F /* MainTabBarController.swift in Sources */,
				2153D0582277BC3B00317A1F /* SearchResultApp.swift in Sources */,
				2153D0552277B73800317A1F /* UIViewContrainLayout.swift in Sources */,
			);
			runOnlyForDeploymentPostprocessing = 0;
		};
/* End PBXSourcesBuildPhase section */

/* Begin PBXVariantGroup section */
		2153CFDA22725E6D00317A1F /* Main.storyboard */ = {
			isa = PBXVariantGroup;
			children = (
				2153CFDB22725E6D00317A1F /* Base */,
			);
			name = Main.storyboard;
			sourceTree = "<group>";
		};
		2153CFDF22725E6F00317A1F /* LaunchScreen.storyboard */ = {
			isa = PBXVariantGroup;
			children = (
				2153CFE022725E6F00317A1F /* Base */,
			);
			name = LaunchScreen.storyboard;
			sourceTree = "<group>";
		};
/* End PBXVariantGroup section */

/* Begin XCBuildConfiguration section */
		2153CFE322725E6F00317A1F /* Debug */ = {
			isa = XCBuildConfiguration;
			buildSettings = {
				ALWAYS_SEARCH_USER_PATHS = NO;
				CLANG_ANALYZER_NONNULL = YES;
				CLANG_ANALYZER_NUMBER_OBJECT_CONVERSION = YES_AGGRESSIVE;
				CLANG_CXX_LANGUAGE_STANDARD = "gnu++14";
				CLANG_CXX_LIBRARY = "libc++";
				CLANG_ENABLE_MODULES = YES;
				CLANG_ENABLE_OBJC_ARC = YES;
				CLANG_ENABLE_OBJC_WEAK = YES;
				CLANG_WARN_BLOCK_CAPTURE_AUTORELEASING = YES;
				CLANG_WARN_BOOL_CONVERSION = YES;
				CLANG_WARN_COMMA = YES;
				CLANG_WARN_CONSTANT_CONVERSION = YES;
				CLANG_WARN_DEPRECATED_OBJC_IMPLEMENTATIONS = YES;
				CLANG_WARN_DIRECT_OBJC_ISA_USAGE = YES_ERROR;
				CLANG_WARN_DOCUMENTATION_COMMENTS = YES;
				CLANG_WARN_EMPTY_BODY = YES;
				CLANG_WARN_ENUM_CONVERSION = YES;
				CLANG_WARN_INFINITE_RECURSION = YES;
				CLANG_WARN_INT_CONVERSION = YES;
				CLANG_WARN_NON_LITERAL_NULL_CONVERSION = YES;
				CLANG_WARN_OBJC_IMPLICIT_RETAIN_SELF = YES;
				CLANG_WARN_OBJC_LITERAL_CONVERSION = YES;
				CLANG_WARN_OBJC_ROOT_CLASS = YES_ERROR;
				CLANG_WARN_RANGE_LOOP_ANALYSIS = YES;
				CLANG_WARN_STRICT_PROTOTYPES = YES;
				CLANG_WARN_SUSPICIOUS_MOVE = YES;
				CLANG_WARN_UNGUARDED_AVAILABILITY = YES_AGGRESSIVE;
				CLANG_WARN_UNREACHABLE_CODE = YES;
				CLANG_WARN__DUPLICATE_METHOD_MATCH = YES;
				CODE_SIGN_IDENTITY = "iPhone Developer";
				COPY_PHASE_STRIP = NO;
				DEBUG_INFORMATION_FORMAT = dwarf;
				ENABLE_STRICT_OBJC_MSGSEND = YES;
				ENABLE_TESTABILITY = YES;
				GCC_C_LANGUAGE_STANDARD = gnu11;
				GCC_DYNAMIC_NO_PIC = NO;
				GCC_NO_COMMON_BLOCKS = YES;
				GCC_OPTIMIZATION_LEVEL = 0;
				GCC_PREPROCESSOR_DEFINITIONS = (
					"DEBUG=1",
					"$(inherited)",
				);
				GCC_WARN_64_TO_32_BIT_CONVERSION = YES;
				GCC_WARN_ABOUT_RETURN_TYPE = YES_ERROR;
				GCC_WARN_UNDECLARED_SELECTOR = YES;
				GCC_WARN_UNINITIALIZED_AUTOS = YES_AGGRESSIVE;
				GCC_WARN_UNUSED_FUNCTION = YES;
				GCC_WARN_UNUSED_VARIABLE = YES;
				IPHONEOS_DEPLOYMENT_TARGET = 12.1;
				MTL_ENABLE_DEBUG_INFO = INCLUDE_SOURCE;
				MTL_FAST_MATH = YES;
				ONLY_ACTIVE_ARCH = YES;
				SDKROOT = iphoneos;
				SWIFT_ACTIVE_COMPILATION_CONDITIONS = DEBUG;
				SWIFT_OPTIMIZATION_LEVEL = "-Onone";
			};
			name = Debug;
		};
		2153CFE422725E6F00317A1F /* Release */ = {
			isa = XCBuildConfiguration;
			buildSettings = {
				ALWAYS_SEARCH_USER_PATHS = NO;
				CLANG_ANALYZER_NONNULL = YES;
				CLANG_ANALYZER_NUMBER_OBJECT_CONVERSION = YES_AGGRESSIVE;
				CLANG_CXX_LANGUAGE_STANDARD = "gnu++14";
				CLANG_CXX_LIBRARY = "libc++";
				CLANG_ENABLE_MODULES = YES;
				CLANG_ENABLE_OBJC_ARC = YES;
				CLANG_ENABLE_OBJC_WEAK = YES;
				CLANG_WARN_BLOCK_CAPTURE_AUTORELEASING = YES;
				CLANG_WARN_BOOL_CONVERSION = YES;
				CLANG_WARN_COMMA = YES;
				CLANG_WARN_CONSTANT_CONVERSION = YES;
				CLANG_WARN_DEPRECATED_OBJC_IMPLEMENTATIONS = YES;
				CLANG_WARN_DIRECT_OBJC_ISA_USAGE = YES_ERROR;
				CLANG_WARN_DOCUMENTATION_COMMENTS = YES;
				CLANG_WARN_EMPTY_BODY = YES;
				CLANG_WARN_ENUM_CONVERSION = YES;
				CLANG_WARN_INFINITE_RECURSION = YES;
				CLANG_WARN_INT_CONVERSION = YES;
				CLANG_WARN_NON_LITERAL_NULL_CONVERSION = YES;
				CLANG_WARN_OBJC_IMPLICIT_RETAIN_SELF = YES;
				CLANG_WARN_OBJC_LITERAL_CONVERSION = YES;
				CLANG_WARN_OBJC_ROOT_CLASS = YES_ERROR;
				CLANG_WARN_RANGE_LOOP_ANALYSIS = YES;
				CLANG_WARN_STRICT_PROTOTYPES = YES;
				CLANG_WARN_SUSPICIOUS_MOVE = YES;
				CLANG_WARN_UNGUARDED_AVAILABILITY = YES_AGGRESSIVE;
				CLANG_WARN_UNREACHABLE_CODE = YES;
				CLANG_WARN__DUPLICATE_METHOD_MATCH = YES;
				CODE_SIGN_IDENTITY = "iPhone Developer";
				COPY_PHASE_STRIP = NO;
				DEBUG_INFORMATION_FORMAT = "dwarf-with-dsym";
				ENABLE_NS_ASSERTIONS = NO;
				ENABLE_STRICT_OBJC_MSGSEND = YES;
				GCC_C_LANGUAGE_STANDARD = gnu11;
				GCC_NO_COMMON_BLOCKS = YES;
				GCC_WARN_64_TO_32_BIT_CONVERSION = YES;
				GCC_WARN_ABOUT_RETURN_TYPE = YES_ERROR;
				GCC_WARN_UNDECLARED_SELECTOR = YES;
				GCC_WARN_UNINITIALIZED_AUTOS = YES_AGGRESSIVE;
				GCC_WARN_UNUSED_FUNCTION = YES;
				GCC_WARN_UNUSED_VARIABLE = YES;
				IPHONEOS_DEPLOYMENT_TARGET = 12.1;
				MTL_ENABLE_DEBUG_INFO = NO;
				MTL_FAST_MATH = YES;
				SDKROOT = iphoneos;
				SWIFT_COMPILATION_MODE = wholemodule;
				SWIFT_OPTIMIZATION_LEVEL = "-O";
				VALIDATE_PRODUCT = YES;
			};
			name = Release;
		};
		2153CFE622725E6F00317A1F /* Debug */ = {
			isa = XCBuildConfiguration;
			buildSettings = {
				ASSETCATALOG_COMPILER_APPICON_NAME = AppIcon;
				CODE_SIGN_STYLE = Automatic;
				DEVELOPMENT_TEAM = L7L53ZA324;
				INFOPLIST_FILE = AppStore/Info.plist;
				LD_RUNPATH_SEARCH_PATHS = (
					"$(inherited)",
					"@executable_path/Frameworks",
				);
				PRODUCT_BUNDLE_IDENTIFIER = Enrique.AppStore;
				PRODUCT_NAME = "$(TARGET_NAME)";
				SWIFT_VERSION = 4.2;
				TARGETED_DEVICE_FAMILY = "1,2";
			};
			name = Debug;
		};
		2153CFE722725E6F00317A1F /* Release */ = {
			isa = XCBuildConfiguration;
			buildSettings = {
				ASSETCATALOG_COMPILER_APPICON_NAME = AppIcon;
				CODE_SIGN_STYLE = Automatic;
				DEVELOPMENT_TEAM = L7L53ZA324;
				INFOPLIST_FILE = AppStore/Info.plist;
				LD_RUNPATH_SEARCH_PATHS = (
					"$(inherited)",
					"@executable_path/Frameworks",
				);
				PRODUCT_BUNDLE_IDENTIFIER = Enrique.AppStore;
				PRODUCT_NAME = "$(TARGET_NAME)";
				SWIFT_VERSION = 4.2;
				TARGETED_DEVICE_FAMILY = "1,2";
			};
			name = Release;
		};
/* End XCBuildConfiguration section */

/* Begin XCConfigurationList section */
		2153CFCE22725E6D00317A1F /* Build configuration list for PBXProject "AppStore" */ = {
			isa = XCConfigurationList;
			buildConfigurations = (
				2153CFE322725E6F00317A1F /* Debug */,
				2153CFE422725E6F00317A1F /* Release */,
			);
			defaultConfigurationIsVisible = 0;
			defaultConfigurationName = Release;
		};
		2153CFE522725E6F00317A1F /* Build configuration list for PBXNativeTarget "AppStore" */ = {
			isa = XCConfigurationList;
			buildConfigurations = (
				2153CFE622725E6F00317A1F /* Debug */,
				2153CFE722725E6F00317A1F /* Release */,
			);
			defaultConfigurationIsVisible = 0;
			defaultConfigurationName = Release;
		};
/* End XCConfigurationList section */
	};
	rootObject = 2153CFCB22725E6D00317A1F /* Project object */;
}
